
Microsoft Visual Studio Solution File, Format Version 12.00
Project("{FAE04EC0-301F-11D3-BF4B-00C04F79EFBC}") = "DiscountsAPI", "DiscountsAPI\DiscountsAPI.csproj", "{EABC3A43-E67C-42AB-9554-14D68D6CAF7C}"
EndProject
Global
	GlobalSection(SolutionConfigurationPlatforms) = preSolution
		Debug|Any CPU = Debug|Any CPU
		Release|Any CPU = Release|Any CPU
	EndGlobalSection
	GlobalSection(ProjectConfigurationPlatforms) = postSolution
		{EABC3A43-E67C-42AB-9554-14D68D6CAF7C}.Debug|Any CPU.ActiveCfg = Debug|Any CPU
		{EABC3A43-E67C-42AB-9554-14D68D6CAF7C}.Debug|Any CPU.Build.0 = Debug|Any CPU
		{EABC3A43-E67C-42AB-9554-14D68D6CAF7C}.Release|Any CPU.ActiveCfg = Release|Any CPU
		{EABC3A43-E67C-42AB-9554-14D68D6CAF7C}.Release|Any CPU.Build.0 = Release|Any CPU
	EndGlobalSection
EndGlobal
